
Microsoft Visual Studio Solution File, Format Version 12.00
# Visual Studio 15
VisualStudioVersion = 15.0.28307.106
MinimumVisualStudioVersion = 10.0.40219.1
Project("{FAE04EC0-301F-11D3-BF4B-00C04F79EFBC}") = "ThisIsASampleRegression", "ThisIsASampleRegression\ThisIsASampleRegression.csproj", "{DF8ACFC0-7215-4D59-B1B2-CACD0C936BE0}"
EndProject
Global
	GlobalSection(SolutionConfigurationPlatforms) = preSolution
		Debug|Any CPU = Debug|Any CPU
		Release|Any CPU = Release|Any CPU
	EndGlobalSection
	GlobalSection(ProjectConfigurationPlatforms) = postSolution
		{DF8ACFC0-7215-4D59-B1B2-CACD0C936BE0}.Debug|Any CPU.ActiveCfg = Debug|Any CPU
		{DF8ACFC0-7215-4D59-B1B2-CACD0C936BE0}.Debug|Any CPU.Build.0 = Debug|Any CPU
		{DF8ACFC0-7215-4D59-B1B2-CACD0C936BE0}.Release|Any CPU.ActiveCfg = Release|Any CPU
		{DF8ACFC0-7215-4D59-B1B2-CACD0C936BE0}.Release|Any CPU.Build.0 = Release|Any CPU
	EndGlobalSection
	GlobalSection(SolutionProperties) = preSolution
		HideSolutionNode = FALSE
	EndGlobalSection
	GlobalSection(ExtensibilityGlobals) = postSolution
		SolutionGuid = {9F3C450B-A0CA-47C7-889B-A8926E5E7810}
	EndGlobalSection
EndGlobal
